
Microsoft Visual Studio Solution File, Format Version 12.00
# Visual Studio Version 17
VisualStudioVersion = 17.5.33627.172
MinimumVisualStudioVersion = 10.0.40219.1
Project("{FAE04EC0-301F-11D3-BF4B-00C04F79EFBC}") = "ProyectoDevOps", "ProyectoDevOps\ProyectoDevOps.csproj", "{BEED7CDF-F5F1-43C9-98A2-D73B12F4E39E}"
EndProject
Project("{FAE04EC0-301F-11D3-BF4B-00C04F79EFBC}") = "BancoNUnitTest", "BancoNUnitTest\BancoNUnitTest.csproj", "{679E3716-B0D3-42FA-8337-B72FFAD90EA1}"
EndProject
Global
	GlobalSection(SolutionConfigurationPlatforms) = preSolution
		Debug|Any CPU = Debug|Any CPU
		Release|Any CPU = Release|Any CPU
	EndGlobalSection
	GlobalSection(ProjectConfigurationPlatforms) = postSolution
		{BEED7CDF-F5F1-43C9-98A2-D73B12F4E39E}.Debug|Any CPU.ActiveCfg = Debug|Any CPU
		{BEED7CDF-F5F1-43C9-98A2-D73B12F4E39E}.Debug|Any CPU.Build.0 = Debug|Any CPU
		{BEED7CDF-F5F1-43C9-98A2-D73B12F4E39E}.Release|Any CPU.ActiveCfg = Release|Any CPU
		{BEED7CDF-F5F1-43C9-98A2-D73B12F4E39E}.Release|Any CPU.Build.0 = Release|Any CPU
		{679E3716-B0D3-42FA-8337-B72FFAD90EA1}.Debug|Any CPU.ActiveCfg = Debug|Any CPU
		{679E3716-B0D3-42FA-8337-B72FFAD90EA1}.Debug|Any CPU.Build.0 = Debug|Any CPU
		{679E3716-B0D3-42FA-8337-B72FFAD90EA1}.Release|Any CPU.ActiveCfg = Release|Any CPU
		{679E3716-B0D3-42FA-8337-B72FFAD90EA1}.Release|Any CPU.Build.0 = Release|Any CPU
	EndGlobalSection
	GlobalSection(SolutionProperties) = preSolution
		HideSolutionNode = FALSE
	EndGlobalSection
	GlobalSection(ExtensibilityGlobals) = postSolution
		SolutionGuid = {32BA41D8-830F-404B-B501-DD5FD06D01A8}
	EndGlobalSection
EndGlobal
